// !$*UTF8*$!
{
	archiveVersion = 1;
	classes = {
	};
	objectVersion = 46;
	objects = {

/* Begin PBXBuildFile section */
		567829EA1A4C01F900FDB548 /* libzbar.a in Frameworks */ = {isa = PBXBuildFile; fileRef = 567829E41A4C01F900FDB548 /* libzbar.a */; };
		567829EB1A4C01F900FDB548 /* zbar-back.png in Resources */ = {isa = PBXBuildFile; fileRef = 567829E61A4C01F900FDB548 /* zbar-back.png */; };
		567829EC1A4C01F900FDB548 /* zbar-help.html in Resources */ = {isa = PBXBuildFile; fileRef = 567829E71A4C01F900FDB548 /* zbar-help.html */; };
		567829ED1A4C01F900FDB548 /* zbar-helpicons.png in Resources */ = {isa = PBXBuildFile; fileRef = 567829E81A4C01F900FDB548 /* zbar-helpicons.png */; };
		567829EE1A4C01F900FDB548 /* zbar-samples.png in Resources */ = {isa = PBXBuildFile; fileRef = 567829E91A4C01F900FDB548 /* zbar-samples.png */; };
		567829F41A4C03DB00FDB548 /* MJPopupBackgroundView.m in Sources */ = {isa = PBXBuildFile; fileRef = 567829F11A4C03DB00FDB548 /* MJPopupBackgroundView.m */; };
		567829F51A4C03DB00FDB548 /* UIViewController+MJPopupViewController.m in Sources */ = {isa = PBXBuildFile; fileRef = 567829F31A4C03DB00FDB548 /* UIViewController+MJPopupViewController.m */; };
		56782A031A4C059A00FDB548 /* CheckViewController.m in Sources */ = {isa = PBXBuildFile; fileRef = 567829F81A4C059A00FDB548 /* CheckViewController.m */; };
		56782A041A4C059A00FDB548 /* CodeViewController.m in Sources */ = {isa = PBXBuildFile; fileRef = 567829FB1A4C059A00FDB548 /* CodeViewController.m */; };
		56782A051A4C059A00FDB548 /* ListingViewController.m in Sources */ = {isa = PBXBuildFile; fileRef = 567829FE1A4C059A00FDB548 /* ListingViewController.m */; };
		56782A061A4C059A00FDB548 /* ListingViewController.xib in Resources */ = {isa = PBXBuildFile; fileRef = 567829FF1A4C059A00FDB548 /* ListingViewController.xib */; };
		56782A071A4C059A00FDB548 /* ManualViewController.m in Sources */ = {isa = PBXBuildFile; fileRef = 56782A021A4C059A00FDB548 /* ManualViewController.m */; };
		56782A0F1A4C05BF00FDB548 /* ForecastCell.m in Sources */ = {isa = PBXBuildFile; fileRef = 56782A0B1A4C05BF00FDB548 /* ForecastCell.m */; };
		56782A101A4C05BF00FDB548 /* IndexHeaderView.xib in Resources */ = {isa = PBXBuildFile; fileRef = 56782A0C1A4C05BF00FDB548 /* IndexHeaderView.xib */; };
		56782A111A4C05BF00FDB548 /* MyTaxListingViewController.m in Sources */ = {isa = PBXBuildFile; fileRef = 56782A0E1A4C05BF00FDB548 /* MyTaxListingViewController.m */; };
		56C639501A4BDEA000952C69 /* AVFoundation.framework in Frameworks */ = {isa = PBXBuildFile; fileRef = 56C6394F1A4BDEA000952C69 /* AVFoundation.framework */; };
		56C639521A4BDEBB00952C69 /* CoreVideo.framework in Frameworks */ = {isa = PBXBuildFile; fileRef = 56C639511A4BDEBB00952C69 /* CoreVideo.framework */; };
		56C639541A4BDEDA00952C69 /* CoreMedia.framework in Frameworks */ = {isa = PBXBuildFile; fileRef = 56C639531A4BDEDA00952C69 /* CoreMedia.framework */; };
		56C639561A4BDEE700952C69 /* QuartzCore.framework in Frameworks */ = {isa = PBXBuildFile; fileRef = 56C639551A4BDEE700952C69 /* QuartzCore.framework */; };
		56C639581A4BDEFC00952C69 /* libiconv.dylib in Frameworks */ = {isa = PBXBuildFile; fileRef = 56C639571A4BDEFC00952C69 /* libiconv.dylib */; };
		56CE8E5E1A49471700AF38B3 /* Foundation.framework in Frameworks */ = {isa = PBXBuildFile; fileRef = 56CE8E5D1A49471700AF38B3 /* Foundation.framework */; };
		56CE8E601A49471700AF38B3 /* CoreGraphics.framework in Frameworks */ = {isa = PBXBuildFile; fileRef = 56CE8E5F1A49471700AF38B3 /* CoreGraphics.framework */; };
		56CE8E621A49471700AF38B3 /* UIKit.framework in Frameworks */ = {isa = PBXBuildFile; fileRef = 56CE8E611A49471700AF38B3 /* UIKit.framework */; };
		56CE8E681A49471700AF38B3 /* InfoPlist.strings in Resources */ = {isa = PBXBuildFile; fileRef = 56CE8E661A49471700AF38B3 /* InfoPlist.strings */; };
		56CE8E6A1A49471700AF38B3 /* main.m in Sources */ = {isa = PBXBuildFile; fileRef = 56CE8E691A49471700AF38B3 /* main.m */; };
		56CE8E6E1A49471700AF38B3 /* TAXAppDelegate.m in Sources */ = {isa = PBXBuildFile; fileRef = 56CE8E6D1A49471700AF38B3 /* TAXAppDelegate.m */; };
		56CE8E711A49471700AF38B3 /* Main_iPhone.storyboard in Resources */ = {isa = PBXBuildFile; fileRef = 56CE8E6F1A49471700AF38B3 /* Main_iPhone.storyboard */; };
		56CE8E741A49471700AF38B3 /* Main_iPad.storyboard in Resources */ = {isa = PBXBuildFile; fileRef = 56CE8E721A49471700AF38B3 /* Main_iPad.storyboard */; };
		56CE8E771A49471700AF38B3 /* TAXViewController.m in Sources */ = {isa = PBXBuildFile; fileRef = 56CE8E761A49471700AF38B3 /* TAXViewController.m */; };
		56CE8E791A49471700AF38B3 /* Images.xcassets in Resources */ = {isa = PBXBuildFile; fileRef = 56CE8E781A49471700AF38B3 /* Images.xcassets */; };
		56CE8E801A49471700AF38B3 /* XCTest.framework in Frameworks */ = {isa = PBXBuildFile; fileRef = 56CE8E7F1A49471700AF38B3 /* XCTest.framework */; };
		56CE8E811A49471700AF38B3 /* Foundation.framework in Frameworks */ = {isa = PBXBuildFile; fileRef = 56CE8E5D1A49471700AF38B3 /* Foundation.framework */; };
		56CE8E821A49471700AF38B3 /* UIKit.framework in Frameworks */ = {isa = PBXBuildFile; fileRef = 56CE8E611A49471700AF38B3 /* UIKit.framework */; };
		56CE8E8A1A49471700AF38B3 /* InfoPlist.strings in Resources */ = {isa = PBXBuildFile; fileRef = 56CE8E881A49471700AF38B3 /* InfoPlist.strings */; };
		56CE8E8C1A49471700AF38B3 /* ProjectTaxTests.m in Sources */ = {isa = PBXBuildFile; fileRef = 56CE8E8B1A49471700AF38B3 /* ProjectTaxTests.m */; };
		84D92D071A4D3B64006DB6E5 /* ApplyViewController.m in Sources */ = {isa = PBXBuildFile; fileRef = 84D92D061A4D3B64006DB6E5 /* ApplyViewController.m */; };
		84D92D0D1A4D3B7E006DB6E5 /* ViewController.m in Sources */ = {isa = PBXBuildFile; fileRef = 84D92D0C1A4D3B7E006DB6E5 /* ViewController.m */; };
		84D92D111A4D3B98006DB6E5 /* datepicker.m in Sources */ = {isa = PBXBuildFile; fileRef = 84D92D101A4D3B98006DB6E5 /* datepicker.m */; };
/* End PBXBuildFile section */

/* Begin PBXContainerItemProxy section */
		56CE8E831A49471700AF38B3 /* PBXContainerItemProxy */ = {
			isa = PBXContainerItemProxy;
			containerPortal = 56CE8E521A49471700AF38B3 /* Project object */;
			proxyType = 1;
			remoteGlobalIDString = 56CE8E591A49471700AF38B3;
			remoteInfo = ProjectTax;
		};
/* End PBXContainerItemProxy section */

/* Begin PBXFileReference section */
		567829D01A4C01F900FDB548 /* Decoder.h */ = {isa = PBXFileReference; fileEncoding = 4; lastKnownFileType = sourcecode.c.h; path = Decoder.h; sourceTree = "<group>"; };
		567829D11A4C01F900FDB548 /* Exception.h */ = {isa = PBXFileReference; fileEncoding = 4; lastKnownFileType = sourcecode.c.h; path = Exception.h; sourceTree = "<group>"; };
		567829D21A4C01F900FDB548 /* Image.h */ = {isa = PBXFileReference; fileEncoding = 4; lastKnownFileType = sourcecode.c.h; path = Image.h; sourceTree = "<group>"; };
		567829D31A4C01F900FDB548 /* ImageScanner.h */ = {isa = PBXFileReference; fileEncoding = 4; lastKnownFileType = sourcecode.c.h; path = ImageScanner.h; sourceTree = "<group>"; };
		567829D41A4C01F900FDB548 /* Processor.h */ = {isa = PBXFileReference; fileEncoding = 4; lastKnownFileType = sourcecode.c.h; path = Processor.h; sourceTree = "<group>"; };
		567829D51A4C01F900FDB548 /* Scanner.h */ = {isa = PBXFileReference; fileEncoding = 4; lastKnownFileType = sourcecode.c.h; path = Scanner.h; sourceTree = "<group>"; };
		567829D61A4C01F900FDB548 /* Symbol.h */ = {isa = PBXFileReference; fileEncoding = 4; lastKnownFileType = sourcecode.c.h; path = Symbol.h; sourceTree = "<group>"; };
		567829D71A4C01F900FDB548 /* Video.h */ = {isa = PBXFileReference; fileEncoding = 4; lastKnownFileType = sourcecode.c.h; path = Video.h; sourceTree = "<group>"; };
		567829D81A4C01F900FDB548 /* Window.h */ = {isa = PBXFileReference; fileEncoding = 4; lastKnownFileType = sourcecode.c.h; path = Window.h; sourceTree = "<group>"; };
		567829D91A4C01F900FDB548 /* zbar.h */ = {isa = PBXFileReference; fileEncoding = 4; lastKnownFileType = sourcecode.c.h; path = zbar.h; sourceTree = "<group>"; };
		567829DA1A4C01F900FDB548 /* ZBarCameraSimulator.h */ = {isa = PBXFileReference; fileEncoding = 4; lastKnownFileType = sourcecode.c.h; path = ZBarCameraSimulator.h; sourceTree = "<group>"; };
		567829DB1A4C01F900FDB548 /* ZBarCaptureReader.h */ = {isa = PBXFileReference; fileEncoding = 4; lastKnownFileType = sourcecode.c.h; path = ZBarCaptureReader.h; sourceTree = "<group>"; };
		567829DC1A4C01F900FDB548 /* ZBarHelpController.h */ = {isa = PBXFileReference; fileEncoding = 4; lastKnownFileType = sourcecode.c.h; path = ZBarHelpController.h; sourceTree = "<group>"; };
		567829DD1A4C01F900FDB548 /* ZBarImage.h */ = {isa = PBXFileReference; fileEncoding = 4; lastKnownFileType = sourcecode.c.h; path = ZBarImage.h; sourceTree = "<group>"; };
		567829DE1A4C01F900FDB548 /* ZBarImageScanner.h */ = {isa = PBXFileReference; fileEncoding = 4; lastKnownFileType = sourcecode.c.h; path = ZBarImageScanner.h; sourceTree = "<group>"; };
		567829DF1A4C01F900FDB548 /* ZBarReaderController.h */ = {isa = PBXFileReference; fileEncoding = 4; lastKnownFileType = sourcecode.c.h; path = ZBarReaderController.h; sourceTree = "<group>"; };
		567829E01A4C01F900FDB548 /* ZBarReaderView.h */ = {isa = PBXFileReference; fileEncoding = 4; lastKnownFileType = sourcecode.c.h; path = ZBarReaderView.h; sourceTree = "<group>"; };
		567829E11A4C01F900FDB548 /* ZBarReaderViewController.h */ = {isa = PBXFileReference; fileEncoding = 4; lastKnownFileType = sourcecode.c.h; path = ZBarReaderViewController.h; sourceTree = "<group>"; };
		567829E21A4C01F900FDB548 /* ZBarSDK.h */ = {isa = PBXFileReference; fileEncoding = 4; lastKnownFileType = sourcecode.c.h; path = ZBarSDK.h; sourceTree = "<group>"; };
		567829E31A4C01F900FDB548 /* ZBarSymbol.h */ = {isa = PBXFileReference; fileEncoding = 4; lastKnownFileType = sourcecode.c.h; path = ZBarSymbol.h; sourceTree = "<group>"; };
		567829E41A4C01F900FDB548 /* libzbar.a */ = {isa = PBXFileReference; lastKnownFileType = archive.ar; path = libzbar.a; sourceTree = "<group>"; };
		567829E61A4C01F900FDB548 /* zbar-back.png */ = {isa = PBXFileReference; lastKnownFileType = image.png; path = "zbar-back.png"; sourceTree = "<group>"; };
		567829E71A4C01F900FDB548 /* zbar-help.html */ = {isa = PBXFileReference; fileEncoding = 4; lastKnownFileType = text.html; path = "zbar-help.html"; sourceTree = "<group>"; };
		567829E81A4C01F900FDB548 /* zbar-helpicons.png */ = {isa = PBXFileReference; lastKnownFileType = image.png; path = "zbar-helpicons.png"; sourceTree = "<group>"; };
		567829E91A4C01F900FDB548 /* zbar-samples.png */ = {isa = PBXFileReference; lastKnownFileType = image.png; path = "zbar-samples.png"; sourceTree = "<group>"; };
		567829F01A4C03DB00FDB548 /* MJPopupBackgroundView.h */ = {isa = PBXFileReference; fileEncoding = 4; lastKnownFileType = sourcecode.c.h; path = MJPopupBackgroundView.h; sourceTree = "<group>"; };
		567829F11A4C03DB00FDB548 /* MJPopupBackgroundView.m */ = {isa = PBXFileReference; fileEncoding = 4; lastKnownFileType = sourcecode.c.objc; path = MJPopupBackgroundView.m; sourceTree = "<group>"; };
		567829F21A4C03DB00FDB548 /* UIViewController+MJPopupViewController.h */ = {isa = PBXFileReference; fileEncoding = 4; lastKnownFileType = sourcecode.c.h; path = "UIViewController+MJPopupViewController.h"; sourceTree = "<group>"; };
		567829F31A4C03DB00FDB548 /* UIViewController+MJPopupViewController.m */ = {isa = PBXFileReference; fileEncoding = 4; lastKnownFileType = sourcecode.c.objc; path = "UIViewController+MJPopupViewController.m"; sourceTree = "<group>"; };
		567829F71A4C059A00FDB548 /* CheckViewController.h */ = {isa = PBXFileReference; fileEncoding = 4; lastKnownFileType = sourcecode.c.h; path = CheckViewController.h; sourceTree = "<group>"; };
		567829F81A4C059A00FDB548 /* CheckViewController.m */ = {isa = PBXFileReference; fileEncoding = 4; lastKnownFileType = sourcecode.c.objc; path = CheckViewController.m; sourceTree = "<group>"; };
		567829FA1A4C059A00FDB548 /* CodeViewController.h */ = {isa = PBXFileReference; fileEncoding = 4; lastKnownFileType = sourcecode.c.h; path = CodeViewController.h; sourceTree = "<group>"; };
		567829FB1A4C059A00FDB548 /* CodeViewController.m */ = {isa = PBXFileReference; fileEncoding = 4; lastKnownFileType = sourcecode.c.objc; path = CodeViewController.m; sourceTree = "<group>"; };
		567829FD1A4C059A00FDB548 /* ListingViewController.h */ = {isa = PBXFileReference; fileEncoding = 4; lastKnownFileType = sourcecode.c.h; path = ListingViewController.h; sourceTree = "<group>"; };
		567829FE1A4C059A00FDB548 /* ListingViewController.m */ = {isa = PBXFileReference; fileEncoding = 4; lastKnownFileType = sourcecode.c.objc; path = ListingViewController.m; sourceTree = "<group>"; };
		567829FF1A4C059A00FDB548 /* ListingViewController.xib */ = {isa = PBXFileReference; fileEncoding = 4; lastKnownFileType = file.xib; path = ListingViewController.xib; sourceTree = "<group>"; };
		56782A011A4C059A00FDB548 /* ManualViewController.h */ = {isa = PBXFileReference; fileEncoding = 4; lastKnownFileType = sourcecode.c.h; path = ManualViewController.h; sourceTree = "<group>"; };
		56782A021A4C059A00FDB548 /* ManualViewController.m */ = {isa = PBXFileReference; fileEncoding = 4; lastKnownFileType = sourcecode.c.objc; path = ManualViewController.m; sourceTree = "<group>"; };
		56782A0A1A4C05BF00FDB548 /* ForecastCell.h */ = {isa = PBXFileReference; fileEncoding = 4; lastKnownFileType = sourcecode.c.h; path = ForecastCell.h; sourceTree = "<group>"; };
		56782A0B1A4C05BF00FDB548 /* ForecastCell.m */ = {isa = PBXFileReference; fileEncoding = 4; lastKnownFileType = sourcecode.c.objc; path = ForecastCell.m; sourceTree = "<group>"; };
		56782A0C1A4C05BF00FDB548 /* IndexHeaderView.xib */ = {isa = PBXFileReference; fileEncoding = 4; lastKnownFileType = file.xib; path = IndexHeaderView.xib; sourceTree = "<group>"; };
		56782A0D1A4C05BF00FDB548 /* MyTaxListingViewController.h */ = {isa = PBXFileReference; fileEncoding = 4; lastKnownFileType = sourcecode.c.h; path = MyTaxListingViewController.h; sourceTree = "<group>"; };
		56782A0E1A4C05BF00FDB548 /* MyTaxListingViewController.m */ = {isa = PBXFileReference; fileEncoding = 4; lastKnownFileType = sourcecode.c.objc; path = MyTaxListingViewController.m; sourceTree = "<group>"; };
		56C6394F1A4BDEA000952C69 /* AVFoundation.framework */ = {isa = PBXFileReference; lastKnownFileType = wrapper.framework; name = AVFoundation.framework; path = System/Library/Frameworks/AVFoundation.framework; sourceTree = SDKROOT; };
		56C639511A4BDEBB00952C69 /* CoreVideo.framework */ = {isa = PBXFileReference; lastKnownFileType = wrapper.framework; name = CoreVideo.framework; path = System/Library/Frameworks/CoreVideo.framework; sourceTree = SDKROOT; };
		56C639531A4BDEDA00952C69 /* CoreMedia.framework */ = {isa = PBXFileReference; lastKnownFileType = wrapper.framework; name = CoreMedia.framework; path = System/Library/Frameworks/CoreMedia.framework; sourceTree = SDKROOT; };
		56C639551A4BDEE700952C69 /* QuartzCore.framework */ = {isa = PBXFileReference; lastKnownFileType = wrapper.framework; name = QuartzCore.framework; path = System/Library/Frameworks/QuartzCore.framework; sourceTree = SDKROOT; };
		56C639571A4BDEFC00952C69 /* libiconv.dylib */ = {isa = PBXFileReference; lastKnownFileType = "compiled.mach-o.dylib"; name = libiconv.dylib; path = usr/lib/libiconv.dylib; sourceTree = SDKROOT; };
		56CE8E5A1A49471700AF38B3 /* ProjectTax.app */ = {isa = PBXFileReference; explicitFileType = wrapper.application; includeInIndex = 0; path = ProjectTax.app; sourceTree = BUILT_PRODUCTS_DIR; };
		56CE8E5D1A49471700AF38B3 /* Foundation.framework */ = {isa = PBXFileReference; lastKnownFileType = wrapper.framework; name = Foundation.framework; path = System/Library/Frameworks/Foundation.framework; sourceTree = SDKROOT; };
		56CE8E5F1A49471700AF38B3 /* CoreGraphics.framework */ = {isa = PBXFileReference; lastKnownFileType = wrapper.framework; name = CoreGraphics.framework; path = System/Library/Frameworks/CoreGraphics.framework; sourceTree = SDKROOT; };
		56CE8E611A49471700AF38B3 /* UIKit.framework */ = {isa = PBXFileReference; lastKnownFileType = wrapper.framework; name = UIKit.framework; path = System/Library/Frameworks/UIKit.framework; sourceTree = SDKROOT; };
		56CE8E651A49471700AF38B3 /* ProjectTax-Info.plist */ = {isa = PBXFileReference; lastKnownFileType = text.plist.xml; path = "ProjectTax-Info.plist"; sourceTree = "<group>"; };
		56CE8E671A49471700AF38B3 /* en */ = {isa = PBXFileReference; lastKnownFileType = text.plist.strings; name = en; path = en.lproj/InfoPlist.strings; sourceTree = "<group>"; };
		56CE8E691A49471700AF38B3 /* main.m */ = {isa = PBXFileReference; lastKnownFileType = sourcecode.c.objc; path = main.m; sourceTree = "<group>"; };
		56CE8E6B1A49471700AF38B3 /* ProjectTax-Prefix.pch */ = {isa = PBXFileReference; lastKnownFileType = sourcecode.c.h; path = "ProjectTax-Prefix.pch"; sourceTree = "<group>"; };
		56CE8E6C1A49471700AF38B3 /* TAXAppDelegate.h */ = {isa = PBXFileReference; lastKnownFileType = sourcecode.c.h; path = TAXAppDelegate.h; sourceTree = "<group>"; };
		56CE8E6D1A49471700AF38B3 /* TAXAppDelegate.m */ = {isa = PBXFileReference; lastKnownFileType = sourcecode.c.objc; path = TAXAppDelegate.m; sourceTree = "<group>"; };
		56CE8E701A49471700AF38B3 /* Base */ = {isa = PBXFileReference; lastKnownFileType = file.storyboard; name = Base; path = Base.lproj/Main_iPhone.storyboard; sourceTree = "<group>"; };
		56CE8E731A49471700AF38B3 /* Base */ = {isa = PBXFileReference; lastKnownFileType = file.storyboard; name = Base; path = Base.lproj/Main_iPad.storyboard; sourceTree = "<group>"; };
		56CE8E751A49471700AF38B3 /* TAXViewController.h */ = {isa = PBXFileReference; lastKnownFileType = sourcecode.c.h; path = TAXViewController.h; sourceTree = "<group>"; };
		56CE8E761A49471700AF38B3 /* TAXViewController.m */ = {isa = PBXFileReference; lastKnownFileType = sourcecode.c.objc; path = TAXViewController.m; sourceTree = "<group>"; };
		56CE8E781A49471700AF38B3 /* Images.xcassets */ = {isa = PBXFileReference; lastKnownFileType = folder.assetcatalog; path = Images.xcassets; sourceTree = "<group>"; };
		56CE8E7E1A49471700AF38B3 /* ProjectTaxTests.xctest */ = {isa = PBXFileReference; explicitFileType = wrapper.cfbundle; includeInIndex = 0; path = ProjectTaxTests.xctest; sourceTree = BUILT_PRODUCTS_DIR; };
		56CE8E7F1A49471700AF38B3 /* XCTest.framework */ = {isa = PBXFileReference; lastKnownFileType = wrapper.framework; name = XCTest.framework; path = Library/Frameworks/XCTest.framework; sourceTree = DEVELOPER_DIR; };
		56CE8E871A49471700AF38B3 /* ProjectTaxTests-Info.plist */ = {isa = PBXFileReference; lastKnownFileType = text.plist.xml; path = "ProjectTaxTests-Info.plist"; sourceTree = "<group>"; };
		56CE8E891A49471700AF38B3 /* en */ = {isa = PBXFileReference; lastKnownFileType = text.plist.strings; name = en; path = en.lproj/InfoPlist.strings; sourceTree = "<group>"; };
		56CE8E8B1A49471700AF38B3 /* ProjectTaxTests.m */ = {isa = PBXFileReference; lastKnownFileType = sourcecode.c.objc; path = ProjectTaxTests.m; sourceTree = "<group>"; };
		84D92D051A4D3B64006DB6E5 /* ApplyViewController.h */ = {isa = PBXFileReference; fileEncoding = 4; lastKnownFileType = sourcecode.c.h; path = ApplyViewController.h; sourceTree = "<group>"; };
		84D92D061A4D3B64006DB6E5 /* ApplyViewController.m */ = {isa = PBXFileReference; fileEncoding = 4; lastKnownFileType = sourcecode.c.objc; path = ApplyViewController.m; sourceTree = "<group>"; };
		84D92D0B1A4D3B7E006DB6E5 /* ViewController.h */ = {isa = PBXFileReference; fileEncoding = 4; lastKnownFileType = sourcecode.c.h; path = ViewController.h; sourceTree = "<group>"; };
		84D92D0C1A4D3B7E006DB6E5 /* ViewController.m */ = {isa = PBXFileReference; fileEncoding = 4; lastKnownFileType = sourcecode.c.objc; path = ViewController.m; sourceTree = "<group>"; };
		84D92D0F1A4D3B98006DB6E5 /* datepicker.h */ = {isa = PBXFileReference; fileEncoding = 4; lastKnownFileType = sourcecode.c.h; path = datepicker.h; sourceTree = "<group>"; };
		84D92D101A4D3B98006DB6E5 /* datepicker.m */ = {isa = PBXFileReference; fileEncoding = 4; lastKnownFileType = sourcecode.c.objc; path = datepicker.m; sourceTree = "<group>"; };
/* End PBXFileReference section */

/* Begin PBXFrameworksBuildPhase section */
		56CE8E571A49471700AF38B3 /* Frameworks */ = {
			isa = PBXFrameworksBuildPhase;
			buildActionMask = 2147483647;
			files = (
				56C639581A4BDEFC00952C69 /* libiconv.dylib in Frameworks */,
				56C639561A4BDEE700952C69 /* QuartzCore.framework in Frameworks */,
				567829EA1A4C01F900FDB548 /* libzbar.a in Frameworks */,
				56C639541A4BDEDA00952C69 /* CoreMedia.framework in Frameworks */,
				56C639521A4BDEBB00952C69 /* CoreVideo.framework in Frameworks */,
				56C639501A4BDEA000952C69 /* AVFoundation.framework in Frameworks */,
				56CE8E601A49471700AF38B3 /* CoreGraphics.framework in Frameworks */,
				56CE8E621A49471700AF38B3 /* UIKit.framework in Frameworks */,
				56CE8E5E1A49471700AF38B3 /* Foundation.framework in Frameworks */,
			);
			runOnlyForDeploymentPostprocessing = 0;
		};
		56CE8E7B1A49471700AF38B3 /* Frameworks */ = {
			isa = PBXFrameworksBuildPhase;
			buildActionMask = 2147483647;
			files = (
				56CE8E801A49471700AF38B3 /* XCTest.framework in Frameworks */,
				56CE8E821A49471700AF38B3 /* UIKit.framework in Frameworks */,
				56CE8E811A49471700AF38B3 /* Foundation.framework in Frameworks */,
			);
			runOnlyForDeploymentPostprocessing = 0;
		};
/* End PBXFrameworksBuildPhase section */

/* Begin PBXGroup section */
		567829821A4C00C600FDB548 /* Lib */ = {
			isa = PBXGroup;
			children = (
				567829EF1A4C03DB00FDB548 /* PopView */,
				567829CC1A4C01F900FDB548 /* ZBarSDK */,
			);
			path = Lib;
			sourceTree = "<group>";
		};
		567829CC1A4C01F900FDB548 /* ZBarSDK */ = {
			isa = PBXGroup;
			children = (
				567829CD1A4C01F900FDB548 /* Headers */,
				567829E41A4C01F900FDB548 /* libzbar.a */,
				567829E51A4C01F900FDB548 /* Resources */,
			);
			path = ZBarSDK;
			sourceTree = "<group>";
		};
		567829CD1A4C01F900FDB548 /* Headers */ = {
			isa = PBXGroup;
			children = (
				567829CE1A4C01F900FDB548 /* ZBarSDK */,
			);
			path = Headers;
			sourceTree = "<group>";
		};
		567829CE1A4C01F900FDB548 /* ZBarSDK */ = {
			isa = PBXGroup;
			children = (
				567829CF1A4C01F900FDB548 /* zbar */,
				567829D91A4C01F900FDB548 /* zbar.h */,
				567829DA1A4C01F900FDB548 /* ZBarCameraSimulator.h */,
				567829DB1A4C01F900FDB548 /* ZBarCaptureReader.h */,
				567829DC1A4C01F900FDB548 /* ZBarHelpController.h */,
				567829DD1A4C01F900FDB548 /* ZBarImage.h */,
				567829DE1A4C01F900FDB548 /* ZBarImageScanner.h */,
				567829DF1A4C01F900FDB548 /* ZBarReaderController.h */,
				567829E01A4C01F900FDB548 /* ZBarReaderView.h */,
				567829E11A4C01F900FDB548 /* ZBarReaderViewController.h */,
				567829E21A4C01F900FDB548 /* ZBarSDK.h */,
				567829E31A4C01F900FDB548 /* ZBarSymbol.h */,
			);
			path = ZBarSDK;
			sourceTree = "<group>";
		};
		567829CF1A4C01F900FDB548 /* zbar */ = {
			isa = PBXGroup;
			children = (
				567829D01A4C01F900FDB548 /* Decoder.h */,
				567829D11A4C01F900FDB548 /* Exception.h */,
				567829D21A4C01F900FDB548 /* Image.h */,
				567829D31A4C01F900FDB548 /* ImageScanner.h */,
				567829D41A4C01F900FDB548 /* Processor.h */,
				567829D51A4C01F900FDB548 /* Scanner.h */,
				567829D61A4C01F900FDB548 /* Symbol.h */,
				567829D71A4C01F900FDB548 /* Video.h */,
				567829D81A4C01F900FDB548 /* Window.h */,
			);
			path = zbar;
			sourceTree = "<group>";
		};
		567829E51A4C01F900FDB548 /* Resources */ = {
			isa = PBXGroup;
			children = (
				567829E61A4C01F900FDB548 /* zbar-back.png */,
				567829E71A4C01F900FDB548 /* zbar-help.html */,
				567829E81A4C01F900FDB548 /* zbar-helpicons.png */,
				567829E91A4C01F900FDB548 /* zbar-samples.png */,
			);
			path = Resources;
			sourceTree = "<group>";
		};
		567829EF1A4C03DB00FDB548 /* PopView */ = {
			isa = PBXGroup;
			children = (
				567829F01A4C03DB00FDB548 /* MJPopupBackgroundView.h */,
				567829F11A4C03DB00FDB548 /* MJPopupBackgroundView.m */,
				567829F21A4C03DB00FDB548 /* UIViewController+MJPopupViewController.h */,
				567829F31A4C03DB00FDB548 /* UIViewController+MJPopupViewController.m */,
			);
			path = PopView;
			sourceTree = "<group>";
		};
		567829F61A4C059A00FDB548 /* Check */ = {
			isa = PBXGroup;
			children = (
				567829F71A4C059A00FDB548 /* CheckViewController.h */,
				567829F81A4C059A00FDB548 /* CheckViewController.m */,
				567829F91A4C059A00FDB548 /* CodeViewController */,
				567829FC1A4C059A00FDB548 /* Listing */,
				56782A001A4C059A00FDB548 /* ManualViewController */,
			);
			path = Check;
			sourceTree = "<group>";
		};
		567829F91A4C059A00FDB548 /* CodeViewController */ = {
			isa = PBXGroup;
			children = (
				567829FA1A4C059A00FDB548 /* CodeViewController.h */,
				567829FB1A4C059A00FDB548 /* CodeViewController.m */,
			);
			path = CodeViewController;
			sourceTree = "<group>";
		};
		567829FC1A4C059A00FDB548 /* Listing */ = {
			isa = PBXGroup;
			children = (
				567829FD1A4C059A00FDB548 /* ListingViewController.h */,
				567829FE1A4C059A00FDB548 /* ListingViewController.m */,
				567829FF1A4C059A00FDB548 /* ListingViewController.xib */,
			);
			path = Listing;
			sourceTree = "<group>";
		};
		56782A001A4C059A00FDB548 /* ManualViewController */ = {
			isa = PBXGroup;
			children = (
				56782A011A4C059A00FDB548 /* ManualViewController.h */,
				56782A021A4C059A00FDB548 /* ManualViewController.m */,
			);
			path = ManualViewController;
			sourceTree = "<group>";
		};
		56782A081A4C05BF00FDB548 /* TaxListing */ = {
			isa = PBXGroup;
			children = (
				56782A091A4C05BF00FDB548 /* Cell */,
				56782A0C1A4C05BF00FDB548 /* IndexHeaderView.xib */,
				56782A0D1A4C05BF00FDB548 /* MyTaxListingViewController.h */,
				56782A0E1A4C05BF00FDB548 /* MyTaxListingViewController.m */,
			);
			path = TaxListing;
			sourceTree = "<group>";
		};
		56782A091A4C05BF00FDB548 /* Cell */ = {
			isa = PBXGroup;
			children = (
				56782A0A1A4C05BF00FDB548 /* ForecastCell.h */,
				56782A0B1A4C05BF00FDB548 /* ForecastCell.m */,
			);
			path = Cell;
			sourceTree = "<group>";
		};
		56CE8E511A49471700AF38B3 = {
			isa = PBXGroup;
			children = (
				56CE8E5C1A49471700AF38B3 /* Frameworks */,
				56CE8E5B1A49471700AF38B3 /* Products */,
				56CE8E631A49471700AF38B3 /* ProjectTax */,
				56CE8E851A49471700AF38B3 /* ProjectTaxTests */,
			);
			sourceTree = "<group>";
		};
		56CE8E5B1A49471700AF38B3 /* Products */ = {
			isa = PBXGroup;
			children = (
				56CE8E5A1A49471700AF38B3 /* ProjectTax.app */,
				56CE8E7E1A49471700AF38B3 /* ProjectTaxTests.xctest */,
			);
			name = Products;
			sourceTree = "<group>";
		};
		56CE8E5C1A49471700AF38B3 /* Frameworks */ = {
			isa = PBXGroup;
			children = (
				56C639571A4BDEFC00952C69 /* libiconv.dylib */,
				56C639551A4BDEE700952C69 /* QuartzCore.framework */,
				56C639531A4BDEDA00952C69 /* CoreMedia.framework */,
				56C639511A4BDEBB00952C69 /* CoreVideo.framework */,
				56C6394F1A4BDEA000952C69 /* AVFoundation.framework */,
				56CE8E5D1A49471700AF38B3 /* Foundation.framework */,
				56CE8E5F1A49471700AF38B3 /* CoreGraphics.framework */,
				56CE8E611A49471700AF38B3 /* UIKit.framework */,
				56CE8E7F1A49471700AF38B3 /* XCTest.framework */,
			);
			name = Frameworks;
			sourceTree = "<group>";
		};
		56CE8E631A49471700AF38B3 /* ProjectTax */ = {
			isa = PBXGroup;
			children = (
				84D92D0E1A4D3B80006DB6E5 /* DatePickerViewController */,
				84D92D021A4D3B35006DB6E5 /* ApplyViewController */,
				84D92D041A4D3B35006DB6E5 /* InitialViewController */,
				56782A081A4C05BF00FDB548 /* TaxListing */,
				567829F61A4C059A00FDB548 /* Check */,
				567829821A4C00C600FDB548 /* Lib */,
				56CE8E6C1A49471700AF38B3 /* TAXAppDelegate.h */,
				56CE8E6D1A49471700AF38B3 /* TAXAppDelegate.m */,
				56CE8E6F1A49471700AF38B3 /* Main_iPhone.storyboard */,
				56CE8E721A49471700AF38B3 /* Main_iPad.storyboard */,
				56CE8E751A49471700AF38B3 /* TAXViewController.h */,
				56CE8E761A49471700AF38B3 /* TAXViewController.m */,
				56CE8E781A49471700AF38B3 /* Images.xcassets */,
				56CE8E641A49471700AF38B3 /* Supporting Files */,
			);
			path = ProjectTax;
			sourceTree = "<group>";
		};
		56CE8E641A49471700AF38B3 /* Supporting Files */ = {
			isa = PBXGroup;
			children = (
				56CE8E651A49471700AF38B3 /* ProjectTax-Info.plist */,
				56CE8E661A49471700AF38B3 /* InfoPlist.strings */,
				56CE8E691A49471700AF38B3 /* main.m */,
				56CE8E6B1A49471700AF38B3 /* ProjectTax-Prefix.pch */,
			);
			name = "Supporting Files";
			sourceTree = "<group>";
		};
		56CE8E851A49471700AF38B3 /* ProjectTaxTests */ = {
			isa = PBXGroup;
			children = (
				56CE8E8B1A49471700AF38B3 /* ProjectTaxTests.m */,
				56CE8E861A49471700AF38B3 /* Supporting Files */,
			);
			path = ProjectTaxTests;
			sourceTree = "<group>";
		};
		56CE8E861A49471700AF38B3 /* Supporting Files */ = {
			isa = PBXGroup;
			children = (
				56CE8E871A49471700AF38B3 /* ProjectTaxTests-Info.plist */,
				56CE8E881A49471700AF38B3 /* InfoPlist.strings */,
			);
			name = "Supporting Files";
			sourceTree = "<group>";
		};
		84D92D021A4D3B35006DB6E5 /* ApplyViewController */ = {
			isa = PBXGroup;
			children = (
				84D92D051A4D3B64006DB6E5 /* ApplyViewController.h */,
				84D92D061A4D3B64006DB6E5 /* ApplyViewController.m */,
			);
			path = ApplyViewController;
			sourceTree = "<group>";
		};
		84D92D041A4D3B35006DB6E5 /* InitialViewController */ = {
			isa = PBXGroup;
			children = (
				84D92D0B1A4D3B7E006DB6E5 /* ViewController.h */,
				84D92D0C1A4D3B7E006DB6E5 /* ViewController.m */,
			);
			path = InitialViewController;
			sourceTree = "<group>";
		};
		84D92D0E1A4D3B80006DB6E5 /* DatePickerViewController */ = {
			isa = PBXGroup;
			children = (
				84D92D0F1A4D3B98006DB6E5 /* datepicker.h */,
				84D92D101A4D3B98006DB6E5 /* datepicker.m */,
			);
			name = DatePickerViewController;
			sourceTree = "<group>";
		};
/* End PBXGroup section */

/* Begin PBXNativeTarget section */
		56CE8E591A49471700AF38B3 /* ProjectTax */ = {
			isa = PBXNativeTarget;
			buildConfigurationList = 56CE8E8F1A49471700AF38B3 /* Build configuration list for PBXNativeTarget "ProjectTax" */;
			buildPhases = (
				56CE8E561A49471700AF38B3 /* Sources */,
				56CE8E571A49471700AF38B3 /* Frameworks */,
				56CE8E581A49471700AF38B3 /* Resources */,
			);
			buildRules = (
			);
			dependencies = (
			);
			name = ProjectTax;
			productName = ProjectTax;
			productReference = 56CE8E5A1A49471700AF38B3 /* ProjectTax.app */;
			productType = "com.apple.product-type.application";
		};
		56CE8E7D1A49471700AF38B3 /* ProjectTaxTests */ = {
			isa = PBXNativeTarget;
			buildConfigurationList = 56CE8E921A49471700AF38B3 /* Build configuration list for PBXNativeTarget "ProjectTaxTests" */;
			buildPhases = (
				56CE8E7A1A49471700AF38B3 /* Sources */,
				56CE8E7B1A49471700AF38B3 /* Frameworks */,
				56CE8E7C1A49471700AF38B3 /* Resources */,
			);
			buildRules = (
			);
			dependencies = (
				56CE8E841A49471700AF38B3 /* PBXTargetDependency */,
			);
			name = ProjectTaxTests;
			productName = ProjectTaxTests;
			productReference = 56CE8E7E1A49471700AF38B3 /* ProjectTaxTests.xctest */;
			productType = "com.apple.product-type.bundle.unit-test";
		};
/* End PBXNativeTarget section */

/* Begin PBXProject section */
		56CE8E521A49471700AF38B3 /* Project object */ = {
			isa = PBXProject;
			attributes = {
				CLASSPREFIX = TAX;
				LastUpgradeCheck = 0510;
				ORGANIZATIONNAME = tingtingwang;
				TargetAttributes = {
					56CE8E7D1A49471700AF38B3 = {
						TestTargetID = 56CE8E591A49471700AF38B3;
					};
				};
			};
			buildConfigurationList = 56CE8E551A49471700AF38B3 /* Build configuration list for PBXProject "ProjectTax" */;
			compatibilityVersion = "Xcode 3.2";
			developmentRegion = English;
			hasScannedForEncodings = 0;
			knownRegions = (
				en,
				Base,
			);
			mainGroup = 56CE8E511A49471700AF38B3;
			productRefGroup = 56CE8E5B1A49471700AF38B3 /* Products */;
			projectDirPath = "";
			projectRoot = "";
			targets = (
				56CE8E591A49471700AF38B3 /* ProjectTax */,
				56CE8E7D1A49471700AF38B3 /* ProjectTaxTests */,
			);
		};
/* End PBXProject section */

/* Begin PBXResourcesBuildPhase section */
		56CE8E581A49471700AF38B3 /* Resources */ = {
			isa = PBXResourcesBuildPhase;
			buildActionMask = 2147483647;
			files = (
				56782A061A4C059A00FDB548 /* ListingViewController.xib in Resources */,
				56CE8E741A49471700AF38B3 /* Main_iPad.storyboard in Resources */,
				567829EB1A4C01F900FDB548 /* zbar-back.png in Resources */,
				56CE8E791A49471700AF38B3 /* Images.xcassets in Resources */,
				56782A101A4C05BF00FDB548 /* IndexHeaderView.xib in Resources */,
				56CE8E711A49471700AF38B3 /* Main_iPhone.storyboard in Resources */,
				567829EE1A4C01F900FDB548 /* zbar-samples.png in Resources */,
				567829EC1A4C01F900FDB548 /* zbar-help.html in Resources */,
				56CE8E681A49471700AF38B3 /* InfoPlist.strings in Resources */,
				567829ED1A4C01F900FDB548 /* zbar-helpicons.png in Resources */,
			);
			runOnlyForDeploymentPostprocessing = 0;
		};
		56CE8E7C1A49471700AF38B3 /* Resources */ = {
			isa = PBXResourcesBuildPhase;
			buildActionMask = 2147483647;
			files = (
				56CE8E8A1A49471700AF38B3 /* InfoPlist.strings in Resources */,
			);
			runOnlyForDeploymentPostprocessing = 0;
		};
/* End PBXResourcesBuildPhase section */

/* Begin PBXSourcesBuildPhase section */
		56CE8E561A49471700AF38B3 /* Sources */ = {
			isa = PBXSourcesBuildPhase;
			buildActionMask = 2147483647;
			files = (
				84D92D0D1A4D3B7E006DB6E5 /* ViewController.m in Sources */,
				84D92D071A4D3B64006DB6E5 /* ApplyViewController.m in Sources */,
				84D92D111A4D3B98006DB6E5 /* datepicker.m in Sources */,
				56782A051A4C059A00FDB548 /* ListingViewController.m in Sources */,
				567829F51A4C03DB00FDB548 /* UIViewController+MJPopupViewController.m in Sources */,
				56782A041A4C059A00FDB548 /* CodeViewController.m in Sources */,
				56CE8E6E1A49471700AF38B3 /* TAXAppDelegate.m in Sources */,
				56782A0F1A4C05BF00FDB548 /* ForecastCell.m in Sources */,
				56CE8E6A1A49471700AF38B3 /* main.m in Sources */,
				56782A111A4C05BF00FDB548 /* MyTaxListingViewController.m in Sources */,
				56CE8E771A49471700AF38B3 /* TAXViewController.m in Sources */,
				567829F41A4C03DB00FDB548 /* MJPopupBackgroundView.m in Sources */,
				56782A071A4C059A00FDB548 /* ManualViewController.m in Sources */,
				56782A031A4C059A00FDB548 /* CheckViewController.m in Sources */,
			);
			runOnlyForDeploymentPostprocessing = 0;
		};
		56CE8E7A1A49471700AF38B3 /* Sources */ = {
			isa = PBXSourcesBuildPhase;
			buildActionMask = 2147483647;
			files = (
				56CE8E8C1A49471700AF38B3 /* ProjectTaxTests.m in Sources */,
			);
			runOnlyForDeploymentPostprocessing = 0;
		};
/* End PBXSourcesBuildPhase section */

/* Begin PBXTargetDependency section */
		56CE8E841A49471700AF38B3 /* PBXTargetDependency */ = {
			isa = PBXTargetDependency;
			target = 56CE8E591A49471700AF38B3 /* ProjectTax */;
			targetProxy = 56CE8E831A49471700AF38B3 /* PBXContainerItemProxy */;
		};
/* End PBXTargetDependency section */

/* Begin PBXVariantGroup section */
		56CE8E661A49471700AF38B3 /* InfoPlist.strings */ = {
			isa = PBXVariantGroup;
			children = (
				56CE8E671A49471700AF38B3 /* en */,
			);
			name = InfoPlist.strings;
			sourceTree = "<group>";
		};
		56CE8E6F1A49471700AF38B3 /* Main_iPhone.storyboard */ = {
			isa = PBXVariantGroup;
			children = (
				56CE8E701A49471700AF38B3 /* Base */,
			);
			name = Main_iPhone.storyboard;
			sourceTree = "<group>";
		};
		56CE8E721A49471700AF38B3 /* Main_iPad.storyboard */ = {
			isa = PBXVariantGroup;
			children = (
				56CE8E731A49471700AF38B3 /* Base */,
			);
			name = Main_iPad.storyboard;
			sourceTree = "<group>";
		};
		56CE8E881A49471700AF38B3 /* InfoPlist.strings */ = {
			isa = PBXVariantGroup;
			children = (
				56CE8E891A49471700AF38B3 /* en */,
			);
			name = InfoPlist.strings;
			sourceTree = "<group>";
		};
/* End PBXVariantGroup section */

/* Begin XCBuildConfiguration section */
		56CE8E8D1A49471700AF38B3 /* Debug */ = {
			isa = XCBuildConfiguration;
			buildSettings = {
				ALWAYS_SEARCH_USER_PATHS = NO;
				CLANG_CXX_LANGUAGE_STANDARD = "gnu++0x";
				CLANG_CXX_LIBRARY = "libc++";
				CLANG_ENABLE_MODULES = YES;
				CLANG_ENABLE_OBJC_ARC = YES;
				CLANG_WARN_BOOL_CONVERSION = YES;
				CLANG_WARN_CONSTANT_CONVERSION = YES;
				CLANG_WARN_DIRECT_OBJC_ISA_USAGE = YES_ERROR;
				CLANG_WARN_EMPTY_BODY = YES;
				CLANG_WARN_ENUM_CONVERSION = YES;
				CLANG_WARN_INT_CONVERSION = YES;
				CLANG_WARN_OBJC_ROOT_CLASS = YES_ERROR;
				CLANG_WARN__DUPLICATE_METHOD_MATCH = YES;
				"CODE_SIGN_IDENTITY[sdk=iphoneos*]" = "iPhone Developer";
				COPY_PHASE_STRIP = NO;
				GCC_C_LANGUAGE_STANDARD = gnu99;
				GCC_DYNAMIC_NO_PIC = NO;
				GCC_OPTIMIZATION_LEVEL = 0;
				GCC_PREPROCESSOR_DEFINITIONS = (
					"DEBUG=1",
					"$(inherited)",
				);
				GCC_SYMBOLS_PRIVATE_EXTERN = NO;
				GCC_WARN_64_TO_32_BIT_CONVERSION = YES;
				GCC_WARN_ABOUT_RETURN_TYPE = YES_ERROR;
				GCC_WARN_UNDECLARED_SELECTOR = YES;
				GCC_WARN_UNINITIALIZED_AUTOS = YES_AGGRESSIVE;
				GCC_WARN_UNUSED_FUNCTION = YES;
				GCC_WARN_UNUSED_VARIABLE = YES;
				IPHONEOS_DEPLOYMENT_TARGET = 7.1;
				ONLY_ACTIVE_ARCH = YES;
				SDKROOT = iphoneos;
				TARGETED_DEVICE_FAMILY = "1,2";
			};
			name = Debug;
		};
		56CE8E8E1A49471700AF38B3 /* Release */ = {
			isa = XCBuildConfiguration;
			buildSettings = {
				ALWAYS_SEARCH_USER_PATHS = NO;
				CLANG_CXX_LANGUAGE_STANDARD = "gnu++0x";
				CLANG_CXX_LIBRARY = "libc++";
				CLANG_ENABLE_MODULES = YES;
				CLANG_ENABLE_OBJC_ARC = YES;
				CLANG_WARN_BOOL_CONVERSION = YES;
				CLANG_WARN_CONSTANT_CONVERSION = YES;
				CLANG_WARN_DIRECT_OBJC_ISA_USAGE = YES_ERROR;
				CLANG_WARN_EMPTY_BODY = YES;
				CLANG_WARN_ENUM_CONVERSION = YES;
				CLANG_WARN_INT_CONVERSION = YES;
				CLANG_WARN_OBJC_ROOT_CLASS = YES_ERROR;
				CLANG_WARN__DUPLICATE_METHOD_MATCH = YES;
				"CODE_SIGN_IDENTITY[sdk=iphoneos*]" = "iPhone Developer";
				COPY_PHASE_STRIP = YES;
				ENABLE_NS_ASSERTIONS = NO;
				GCC_C_LANGUAGE_STANDARD = gnu99;
				GCC_WARN_64_TO_32_BIT_CONVERSION = YES;
				GCC_WARN_ABOUT_RETURN_TYPE = YES_ERROR;
				GCC_WARN_UNDECLARED_SELECTOR = YES;
				GCC_WARN_UNINITIALIZED_AUTOS = YES_AGGRESSIVE;
				GCC_WARN_UNUSED_FUNCTION = YES;
				GCC_WARN_UNUSED_VARIABLE = YES;
				IPHONEOS_DEPLOYMENT_TARGET = 7.1;
				SDKROOT = iphoneos;
				TARGETED_DEVICE_FAMILY = "1,2";
				VALIDATE_PRODUCT = YES;
			};
			name = Release;
		};
		56CE8E901A49471700AF38B3 /* Debug */ = {
			isa = XCBuildConfiguration;
			buildSettings = {
				ASSETCATALOG_COMPILER_APPICON_NAME = AppIcon;
				ASSETCATALOG_COMPILER_LAUNCHIMAGE_NAME = LaunchImage;
				GCC_PRECOMPILE_PREFIX_HEADER = YES;
				GCC_PREFIX_HEADER = "ProjectTax/ProjectTax-Prefix.pch";
				INFOPLIST_FILE = "ProjectTax/ProjectTax-Info.plist";
				LIBRARY_SEARCH_PATHS = (
					"$(inherited)",
					"$(PROJECT_DIR)/ZBarSDK",
					"$(PROJECT_DIR)/ProjectTax/Lib/ZBarSDK",
				);
				PRODUCT_NAME = "$(TARGET_NAME)";
				WRAPPER_EXTENSION = app;
			};
			name = Debug;
		};
		56CE8E911A49471700AF38B3 /* Release */ = {
			isa = XCBuildConfiguration;
			buildSettings = {
				ASSETCATALOG_COMPILER_APPICON_NAME = AppIcon;
				ASSETCATALOG_COMPILER_LAUNCHIMAGE_NAME = LaunchImage;
				GCC_PRECOMPILE_PREFIX_HEADER = YES;
				GCC_PREFIX_HEADER = "ProjectTax/ProjectTax-Prefix.pch";
				INFOPLIST_FILE = "ProjectTax/ProjectTax-Info.plist";
				LIBRARY_SEARCH_PATHS = (
					"$(inherited)",
					"$(PROJECT_DIR)/ZBarSDK",
					"$(PROJECT_DIR)/ProjectTax/Lib/ZBarSDK",
				);
				PRODUCT_NAME = "$(TARGET_NAME)";
				WRAPPER_EXTENSION = app;
			};
			name = Release;
		};
		56CE8E931A49471700AF38B3 /* Debug */ = {
			isa = XCBuildConfiguration;
			buildSettings = {
				BUNDLE_LOADER = "$(BUILT_PRODUCTS_DIR)/ProjectTax.app/ProjectTax";
				FRAMEWORK_SEARCH_PATHS = (
					"$(SDKROOT)/Developer/Library/Frameworks",
					"$(inherited)",
					"$(DEVELOPER_FRAMEWORKS_DIR)",
				);
				GCC_PRECOMPILE_PREFIX_HEADER = YES;
				GCC_PREFIX_HEADER = "ProjectTax/ProjectTax-Prefix.pch";
				GCC_PREPROCESSOR_DEFINITIONS = (
					"DEBUG=1",
					"$(inherited)",
				);
				INFOPLIST_FILE = "ProjectTaxTests/ProjectTaxTests-Info.plist";
				PRODUCT_NAME = "$(TARGET_NAME)";
				TEST_HOST = "$(BUNDLE_LOADER)";
				WRAPPER_EXTENSION = xctest;
			};
			name = Debug;
		};
		56CE8E941A49471700AF38B3 /* Release */ = {
			isa = XCBuildConfiguration;
			buildSettings = {
				BUNDLE_LOADER = "$(BUILT_PRODUCTS_DIR)/ProjectTax.app/ProjectTax";
				FRAMEWORK_SEARCH_PATHS = (
					"$(SDKROOT)/Developer/Library/Frameworks",
					"$(inherited)",
					"$(DEVELOPER_FRAMEWORKS_DIR)",
				);
				GCC_PRECOMPILE_PREFIX_HEADER = YES;
				GCC_PREFIX_HEADER = "ProjectTax/ProjectTax-Prefix.pch";
				INFOPLIST_FILE = "ProjectTaxTests/ProjectTaxTests-Info.plist";
				PRODUCT_NAME = "$(TARGET_NAME)";
				TEST_HOST = "$(BUNDLE_LOADER)";
				WRAPPER_EXTENSION = xctest;
			};
			name = Release;
		};
/* End XCBuildConfiguration section */

/* Begin XCConfigurationList section */
		56CE8E551A49471700AF38B3 /* Build configuration list for PBXProject "ProjectTax" */ = {
			isa = XCConfigurationList;
			buildConfigurations = (
				56CE8E8D1A49471700AF38B3 /* Debug */,
				56CE8E8E1A49471700AF38B3 /* Release */,
			);
			defaultConfigurationIsVisible = 0;
			defaultConfigurationName = Release;
		};
		56CE8E8F1A49471700AF38B3 /* Build configuration list for PBXNativeTarget "ProjectTax" */ = {
			isa = XCConfigurationList;
			buildConfigurations = (
				56CE8E901A49471700AF38B3 /* Debug */,
				56CE8E911A49471700AF38B3 /* Release */,
			);
			defaultConfigurationIsVisible = 0;
			defaultConfigurationName = Release;
		};
		56CE8E921A49471700AF38B3 /* Build configuration list for PBXNativeTarget "ProjectTaxTests" */ = {
			isa = XCConfigurationList;
			buildConfigurations = (
				56CE8E931A49471700AF38B3 /* Debug */,
				56CE8E941A49471700AF38B3 /* Release */,
			);
			defaultConfigurationIsVisible = 0;
			defaultConfigurationName = Release;
		};
/* End XCConfigurationList section */
	};
	rootObject = 56CE8E521A49471700AF38B3 /* Project object */;
}
